// !$*UTF8*$!
{
	archiveVersion = 1;
	classes = {
	};
	objectVersion = 55;
	objects = {

/* Begin PBXBuildFile section */
		7D1D7DEE289C0FD300C5E5BE /* ProductItemCellCollectionViewCell.swift in Sources */ = {isa = PBXBuildFile; fileRef = 7D1D7DEC289C0FD300C5E5BE /* ProductItemCellCollectionViewCell.swift */; };
		7D1D7DEF289C0FD300C5E5BE /* ProductItemCellCollectionViewCell.xib in Resources */ = {isa = PBXBuildFile; fileRef = 7D1D7DED289C0FD300C5E5BE /* ProductItemCellCollectionViewCell.xib */; };
		7D65B3FA289D18EB00BF62EA /* TypeOfMealCell.swift in Sources */ = {isa = PBXBuildFile; fileRef = 7D65B3F8289D18EB00BF62EA /* TypeOfMealCell.swift */; };
		7D65B3FB289D18EB00BF62EA /* TypeOfMealCell.xib in Resources */ = {isa = PBXBuildFile; fileRef = 7D65B3F9289D18EB00BF62EA /* TypeOfMealCell.xib */; };
		7D65B3FE289D1A1600BF62EA /* TypeOfMealView.swift in Sources */ = {isa = PBXBuildFile; fileRef = 7D65B3FC289D1A1600BF62EA /* TypeOfMealView.swift */; };
		7D65B3FF289D1A1600BF62EA /* TypeOfMealView.xib in Resources */ = {isa = PBXBuildFile; fileRef = 7D65B3FD289D1A1600BF62EA /* TypeOfMealView.xib */; };
		7DA0F1C9289A994D00291915 /* AddProductInfo.swift in Sources */ = {isa = PBXBuildFile; fileRef = 7DA0F1C7289A994D00291915 /* AddProductInfo.swift */; };
		7DA0F1CA289A994D00291915 /* AddProductInfo.xib in Resources */ = {isa = PBXBuildFile; fileRef = 7DA0F1C8289A994D00291915 /* AddProductInfo.xib */; };
		7DA0F1CC289AA66B00291915 /* UILabel + Extensions.swift in Sources */ = {isa = PBXBuildFile; fileRef = 7DA0F1CB289AA66B00291915 /* UILabel + Extensions.swift */; };
		7DA6EC5A289885DB0091BF09 /* AppDelegate.swift in Sources */ = {isa = PBXBuildFile; fileRef = 7DA6EC59289885DB0091BF09 /* AppDelegate.swift */; };
		7DA6EC5C289885DB0091BF09 /* SceneDelegate.swift in Sources */ = {isa = PBXBuildFile; fileRef = 7DA6EC5B289885DB0091BF09 /* SceneDelegate.swift */; };
		7DA6EC64289885DB0091BF09 /* ProductsShop.xcdatamodeld in Sources */ = {isa = PBXBuildFile; fileRef = 7DA6EC62289885DB0091BF09 /* ProductsShop.xcdatamodeld */; };
		7DA6EC66289885DD0091BF09 /* Assets.xcassets in Resources */ = {isa = PBXBuildFile; fileRef = 7DA6EC65289885DD0091BF09 /* Assets.xcassets */; };
		7DA6EC69289885DD0091BF09 /* LaunchScreen.storyboard in Resources */ = {isa = PBXBuildFile; fileRef = 7DA6EC67289885DD0091BF09 /* LaunchScreen.storyboard */; };
		7DA6EC74289885DD0091BF09 /* ProductsShopTests.swift in Sources */ = {isa = PBXBuildFile; fileRef = 7DA6EC73289885DD0091BF09 /* ProductsShopTests.swift */; };
		7DA6EC7E289885DD0091BF09 /* ProductsShopUITests.swift in Sources */ = {isa = PBXBuildFile; fileRef = 7DA6EC7D289885DD0091BF09 /* ProductsShopUITests.swift */; };
		7DA6EC80289885DD0091BF09 /* ProductsShopUITestsLaunchTests.swift in Sources */ = {isa = PBXBuildFile; fileRef = 7DA6EC7F289885DD0091BF09 /* ProductsShopUITestsLaunchTests.swift */; };
		7DA6EC92289888E30091BF09 /* TextField + IBInspectable.swift in Sources */ = {isa = PBXBuildFile; fileRef = 7DA6EC91289888E30091BF09 /* TextField + IBInspectable.swift */; };
		7DA6ECAA28988B200091BF09 /* String + Extensions .swift in Sources */ = {isa = PBXBuildFile; fileRef = 7DA6ECA428988B200091BF09 /* String + Extensions .swift */; };
		7DA6ECAB28988B200091BF09 /* DesignableTextField + Extenison .swift in Sources */ = {isa = PBXBuildFile; fileRef = 7DA6ECA528988B200091BF09 /* DesignableTextField + Extenison .swift */; };
		7DA6ECAC28988B200091BF09 /* CornersRadius + Extensions.swift in Sources */ = {isa = PBXBuildFile; fileRef = 7DA6ECA628988B200091BF09 /* CornersRadius + Extensions.swift */; };
		7DA6ECAD28988B200091BF09 /* Keybord + Extention.swift in Sources */ = {isa = PBXBuildFile; fileRef = 7DA6ECA728988B200091BF09 /* Keybord + Extention.swift */; };
		7DA6ECAE28988B200091BF09 /* UserDefaults + Extensions.swift in Sources */ = {isa = PBXBuildFile; fileRef = 7DA6ECA828988B200091BF09 /* UserDefaults + Extensions.swift */; };
		7DA6ECAF28988B200091BF09 /* UIView + IBInspectable.swift in Sources */ = {isa = PBXBuildFile; fileRef = 7DA6ECA928988B200091BF09 /* UIView + IBInspectable.swift */; };
		7DA6ECB528988B9E0091BF09 /* SignInViewController.swift in Sources */ = {isa = PBXBuildFile; fileRef = 7DA6ECB328988B9E0091BF09 /* SignInViewController.swift */; };
		7DA6ECB628988B9E0091BF09 /* SignInViewController.xib in Resources */ = {isa = PBXBuildFile; fileRef = 7DA6ECB428988B9E0091BF09 /* SignInViewController.xib */; };
		7DA6ECB928988CA50091BF09 /* OnboardingViewController.swift in Sources */ = {isa = PBXBuildFile; fileRef = 7DA6ECB728988CA50091BF09 /* OnboardingViewController.swift */; };
		7DA6ECBA28988CA50091BF09 /* OnboardingViewController.xib in Resources */ = {isa = PBXBuildFile; fileRef = 7DA6ECB828988CA50091BF09 /* OnboardingViewController.xib */; };
		7DA6ECBD28988D130091BF09 /* AddProductViewController.swift in Sources */ = {isa = PBXBuildFile; fileRef = 7DA6ECBB28988D130091BF09 /* AddProductViewController.swift */; };
		7DA6ECBE28988D130091BF09 /* AddProductViewController.xib in Resources */ = {isa = PBXBuildFile; fileRef = 7DA6ECBC28988D130091BF09 /* AddProductViewController.xib */; };
		7DAC95C9289BDA2300670383 /* AddImageHeaderViewCell.swift in Sources */ = {isa = PBXBuildFile; fileRef = 7DAC95C7289BDA2300670383 /* AddImageHeaderViewCell.swift */; };
		7DAC95CA289BDA2300670383 /* AddImageHeaderViewCell.xib in Resources */ = {isa = PBXBuildFile; fileRef = 7DAC95C8289BDA2300670383 /* AddImageHeaderViewCell.xib */; };
		7DAC95CD289BDBFA00670383 /* AddProductHeaderViewView.swift in Sources */ = {isa = PBXBuildFile; fileRef = 7DAC95CB289BDBFA00670383 /* AddProductHeaderViewView.swift */; };
		7DAC95CE289BDBFA00670383 /* AddProductHeaderViewView.xib in Resources */ = {isa = PBXBuildFile; fileRef = 7DAC95CC289BDBFA00670383 /* AddProductHeaderViewView.xib */; };
		7DAC95D2289BF4CC00670383 /* HomeScreenViewController.swift in Sources */ = {isa = PBXBuildFile; fileRef = 7DAC95D0289BF4CC00670383 /* HomeScreenViewController.swift */; };
		7DAC95D3289BF4CC00670383 /* HomeScreenViewController.xib in Resources */ = {isa = PBXBuildFile; fileRef = 7DAC95D1289BF4CC00670383 /* HomeScreenViewController.xib */; };
		7DAC95D6289BF6D700670383 /* TabBarViewController.swift in Sources */ = {isa = PBXBuildFile; fileRef = 7DAC95D5289BF6D700670383 /* TabBarViewController.swift */; };
		7DDA4BA2289B0F4600408551 /* AddImageCollectionViewCell.swift in Sources */ = {isa = PBXBuildFile; fileRef = 7DDA4BA0289B0F4600408551 /* AddImageCollectionViewCell.swift */; };
		7DDA4BA3289B0F4600408551 /* AddImageCollectionViewCell.xib in Resources */ = {isa = PBXBuildFile; fileRef = 7DDA4BA1289B0F4600408551 /* AddImageCollectionViewCell.xib */; };
		7DFA6236289DC11D00AC36DB /* MealsViewCell.swift in Sources */ = {isa = PBXBuildFile; fileRef = 7DFA6234289DC11D00AC36DB /* MealsViewCell.swift */; };
		7DFA6237289DC11D00AC36DB /* MealsViewCell.xib in Resources */ = {isa = PBXBuildFile; fileRef = 7DFA6235289DC11D00AC36DB /* MealsViewCell.xib */; };
		7DFA623B289DC30A00AC36DB /* MealsView.swift in Sources */ = {isa = PBXBuildFile; fileRef = 7DFA6239289DC30A00AC36DB /* MealsView.swift */; };
		7DFA623C289DC30A00AC36DB /* MealsView.xib in Resources */ = {isa = PBXBuildFile; fileRef = 7DFA623A289DC30A00AC36DB /* MealsView.xib */; };
/* End PBXBuildFile section */

/* Begin PBXContainerItemProxy section */
		7DA6EC70289885DD0091BF09 /* PBXContainerItemProxy */ = {
			isa = PBXContainerItemProxy;
			containerPortal = 7DA6EC4E289885DB0091BF09 /* Project object */;
			proxyType = 1;
			remoteGlobalIDString = 7DA6EC55289885DB0091BF09;
			remoteInfo = ProductsShop;
		};
		7DA6EC7A289885DD0091BF09 /* PBXContainerItemProxy */ = {
			isa = PBXContainerItemProxy;
			containerPortal = 7DA6EC4E289885DB0091BF09 /* Project object */;
			proxyType = 1;
			remoteGlobalIDString = 7DA6EC55289885DB0091BF09;
			remoteInfo = ProductsShop;
		};
/* End PBXContainerItemProxy section */

/* Begin PBXFileReference section */
		7D1D7DEC289C0FD300C5E5BE /* ProductItemCellCollectionViewCell.swift */ = {isa = PBXFileReference; lastKnownFileType = sourcecode.swift; path = ProductItemCellCollectionViewCell.swift; sourceTree = "<group>"; };
		7D1D7DED289C0FD300C5E5BE /* ProductItemCellCollectionViewCell.xib */ = {isa = PBXFileReference; lastKnownFileType = file.xib; path = ProductItemCellCollectionViewCell.xib; sourceTree = "<group>"; };
		7D65B3F8289D18EB00BF62EA /* TypeOfMealCell.swift */ = {isa = PBXFileReference; lastKnownFileType = sourcecode.swift; path = TypeOfMealCell.swift; sourceTree = "<group>"; };
		7D65B3F9289D18EB00BF62EA /* TypeOfMealCell.xib */ = {isa = PBXFileReference; lastKnownFileType = file.xib; path = TypeOfMealCell.xib; sourceTree = "<group>"; };
		7D65B3FC289D1A1600BF62EA /* TypeOfMealView.swift */ = {isa = PBXFileReference; lastKnownFileType = sourcecode.swift; path = TypeOfMealView.swift; sourceTree = "<group>"; };
		7D65B3FD289D1A1600BF62EA /* TypeOfMealView.xib */ = {isa = PBXFileReference; lastKnownFileType = file.xib; path = TypeOfMealView.xib; sourceTree = "<group>"; };
		7DA0F1C7289A994D00291915 /* AddProductInfo.swift */ = {isa = PBXFileReference; lastKnownFileType = sourcecode.swift; path = AddProductInfo.swift; sourceTree = "<group>"; };
		7DA0F1C8289A994D00291915 /* AddProductInfo.xib */ = {isa = PBXFileReference; lastKnownFileType = file.xib; path = AddProductInfo.xib; sourceTree = "<group>"; };
		7DA0F1CB289AA66B00291915 /* UILabel + Extensions.swift */ = {isa = PBXFileReference; lastKnownFileType = sourcecode.swift; path = "UILabel + Extensions.swift"; sourceTree = "<group>"; };
		7DA6EC56289885DB0091BF09 /* ProductsShop.app */ = {isa = PBXFileReference; explicitFileType = wrapper.application; includeInIndex = 0; path = ProductsShop.app; sourceTree = BUILT_PRODUCTS_DIR; };
		7DA6EC59289885DB0091BF09 /* AppDelegate.swift */ = {isa = PBXFileReference; lastKnownFileType = sourcecode.swift; path = AppDelegate.swift; sourceTree = "<group>"; };
		7DA6EC5B289885DB0091BF09 /* SceneDelegate.swift */ = {isa = PBXFileReference; lastKnownFileType = sourcecode.swift; path = SceneDelegate.swift; sourceTree = "<group>"; };
		7DA6EC63289885DB0091BF09 /* ProductsShop.xcdatamodel */ = {isa = PBXFileReference; lastKnownFileType = wrapper.xcdatamodel; path = ProductsShop.xcdatamodel; sourceTree = "<group>"; };
		7DA6EC65289885DD0091BF09 /* Assets.xcassets */ = {isa = PBXFileReference; lastKnownFileType = folder.assetcatalog; path = Assets.xcassets; sourceTree = "<group>"; };
		7DA6EC68289885DD0091BF09 /* Base */ = {isa = PBXFileReference; lastKnownFileType = file.storyboard; name = Base; path = Base.lproj/LaunchScreen.storyboard; sourceTree = "<group>"; };
		7DA6EC6A289885DD0091BF09 /* Info.plist */ = {isa = PBXFileReference; lastKnownFileType = text.plist.xml; path = Info.plist; sourceTree = "<group>"; };
		7DA6EC6F289885DD0091BF09 /* ProductsShopTests.xctest */ = {isa = PBXFileReference; explicitFileType = wrapper.cfbundle; includeInIndex = 0; path = ProductsShopTests.xctest; sourceTree = BUILT_PRODUCTS_DIR; };
		7DA6EC73289885DD0091BF09 /* ProductsShopTests.swift */ = {isa = PBXFileReference; lastKnownFileType = sourcecode.swift; path = ProductsShopTests.swift; sourceTree = "<group>"; };
		7DA6EC79289885DD0091BF09 /* ProductsShopUITests.xctest */ = {isa = PBXFileReference; explicitFileType = wrapper.cfbundle; includeInIndex = 0; path = ProductsShopUITests.xctest; sourceTree = BUILT_PRODUCTS_DIR; };
		7DA6EC7D289885DD0091BF09 /* ProductsShopUITests.swift */ = {isa = PBXFileReference; lastKnownFileType = sourcecode.swift; path = ProductsShopUITests.swift; sourceTree = "<group>"; };
		7DA6EC7F289885DD0091BF09 /* ProductsShopUITestsLaunchTests.swift */ = {isa = PBXFileReference; lastKnownFileType = sourcecode.swift; path = ProductsShopUITestsLaunchTests.swift; sourceTree = "<group>"; };
		7DA6EC91289888E30091BF09 /* TextField + IBInspectable.swift */ = {isa = PBXFileReference; fileEncoding = 4; lastKnownFileType = sourcecode.swift; path = "TextField + IBInspectable.swift"; sourceTree = "<group>"; };
		7DA6ECA428988B200091BF09 /* String + Extensions .swift */ = {isa = PBXFileReference; fileEncoding = 4; lastKnownFileType = sourcecode.swift; path = "String + Extensions .swift"; sourceTree = "<group>"; };
		7DA6ECA528988B200091BF09 /* DesignableTextField + Extenison .swift */ = {isa = PBXFileReference; fileEncoding = 4; lastKnownFileType = sourcecode.swift; path = "DesignableTextField + Extenison .swift"; sourceTree = "<group>"; };
		7DA6ECA628988B200091BF09 /* CornersRadius + Extensions.swift */ = {isa = PBXFileReference; fileEncoding = 4; lastKnownFileType = sourcecode.swift; path = "CornersRadius + Extensions.swift"; sourceTree = "<group>"; };
		7DA6ECA728988B200091BF09 /* Keybord + Extention.swift */ = {isa = PBXFileReference; fileEncoding = 4; lastKnownFileType = sourcecode.swift; path = "Keybord + Extention.swift"; sourceTree = "<group>"; };
		7DA6ECA828988B200091BF09 /* UserDefaults + Extensions.swift */ = {isa = PBXFileReference; fileEncoding = 4; lastKnownFileType = sourcecode.swift; path = "UserDefaults + Extensions.swift"; sourceTree = "<group>"; };
		7DA6ECA928988B200091BF09 /* UIView + IBInspectable.swift */ = {isa = PBXFileReference; fileEncoding = 4; lastKnownFileType = sourcecode.swift; path = "UIView + IBInspectable.swift"; sourceTree = "<group>"; };
		7DA6ECB328988B9E0091BF09 /* SignInViewController.swift */ = {isa = PBXFileReference; lastKnownFileType = sourcecode.swift; path = SignInViewController.swift; sourceTree = "<group>"; };
		7DA6ECB428988B9E0091BF09 /* SignInViewController.xib */ = {isa = PBXFileReference; lastKnownFileType = file.xib; path = SignInViewController.xib; sourceTree = "<group>"; };
		7DA6ECB728988CA50091BF09 /* OnboardingViewController.swift */ = {isa = PBXFileReference; lastKnownFileType = sourcecode.swift; path = OnboardingViewController.swift; sourceTree = "<group>"; };
		7DA6ECB828988CA50091BF09 /* OnboardingViewController.xib */ = {isa = PBXFileReference; lastKnownFileType = file.xib; path = OnboardingViewController.xib; sourceTree = "<group>"; };
		7DA6ECBB28988D130091BF09 /* AddProductViewController.swift */ = {isa = PBXFileReference; lastKnownFileType = sourcecode.swift; path = AddProductViewController.swift; sourceTree = "<group>"; };
		7DA6ECBC28988D130091BF09 /* AddProductViewController.xib */ = {isa = PBXFileReference; lastKnownFileType = file.xib; path = AddProductViewController.xib; sourceTree = "<group>"; };
		7DAC95C7289BDA2300670383 /* AddImageHeaderViewCell.swift */ = {isa = PBXFileReference; lastKnownFileType = sourcecode.swift; path = AddImageHeaderViewCell.swift; sourceTree = "<group>"; };
		7DAC95C8289BDA2300670383 /* AddImageHeaderViewCell.xib */ = {isa = PBXFileReference; lastKnownFileType = file.xib; path = AddImageHeaderViewCell.xib; sourceTree = "<group>"; };
		7DAC95CB289BDBFA00670383 /* AddProductHeaderViewView.swift */ = {isa = PBXFileReference; lastKnownFileType = sourcecode.swift; path = AddProductHeaderViewView.swift; sourceTree = "<group>"; };
		7DAC95CC289BDBFA00670383 /* AddProductHeaderViewView.xib */ = {isa = PBXFileReference; lastKnownFileType = file.xib; path = AddProductHeaderViewView.xib; sourceTree = "<group>"; };
		7DAC95D0289BF4CC00670383 /* HomeScreenViewController.swift */ = {isa = PBXFileReference; lastKnownFileType = sourcecode.swift; path = HomeScreenViewController.swift; sourceTree = "<group>"; };
		7DAC95D1289BF4CC00670383 /* HomeScreenViewController.xib */ = {isa = PBXFileReference; lastKnownFileType = file.xib; path = HomeScreenViewController.xib; sourceTree = "<group>"; };
		7DAC95D5289BF6D700670383 /* TabBarViewController.swift */ = {isa = PBXFileReference; lastKnownFileType = sourcecode.swift; path = TabBarViewController.swift; sourceTree = "<group>"; };
		7DDA4BA0289B0F4600408551 /* AddImageCollectionViewCell.swift */ = {isa = PBXFileReference; lastKnownFileType = sourcecode.swift; path = AddImageCollectionViewCell.swift; sourceTree = "<group>"; };
		7DDA4BA1289B0F4600408551 /* AddImageCollectionViewCell.xib */ = {isa = PBXFileReference; lastKnownFileType = file.xib; path = AddImageCollectionViewCell.xib; sourceTree = "<group>"; };
		7DFA6234289DC11D00AC36DB /* MealsViewCell.swift */ = {isa = PBXFileReference; lastKnownFileType = sourcecode.swift; path = MealsViewCell.swift; sourceTree = "<group>"; };
		7DFA6235289DC11D00AC36DB /* MealsViewCell.xib */ = {isa = PBXFileReference; lastKnownFileType = file.xib; path = MealsViewCell.xib; sourceTree = "<group>"; };
		7DFA6239289DC30A00AC36DB /* MealsView.swift */ = {isa = PBXFileReference; lastKnownFileType = sourcecode.swift; path = MealsView.swift; sourceTree = "<group>"; };
		7DFA623A289DC30A00AC36DB /* MealsView.xib */ = {isa = PBXFileReference; lastKnownFileType = file.xib; path = MealsView.xib; sourceTree = "<group>"; };
/* End PBXFileReference section */

/* Begin PBXFrameworksBuildPhase section */
		7DA6EC53289885DB0091BF09 /* Frameworks */ = {
			isa = PBXFrameworksBuildPhase;
			buildActionMask = 2147483647;
			files = (
			);
			runOnlyForDeploymentPostprocessing = 0;
		};
		7DA6EC6C289885DD0091BF09 /* Frameworks */ = {
			isa = PBXFrameworksBuildPhase;
			buildActionMask = 2147483647;
			files = (
			);
			runOnlyForDeploymentPostprocessing = 0;
		};
		7DA6EC76289885DD0091BF09 /* Frameworks */ = {
			isa = PBXFrameworksBuildPhase;
			buildActionMask = 2147483647;
			files = (
			);
			runOnlyForDeploymentPostprocessing = 0;
		};
/* End PBXFrameworksBuildPhase section */

/* Begin PBXGroup section */
		7D1D7DE8289C0D9200C5E5BE /* Main View */ = {
			isa = PBXGroup;
			children = (
				7DAC95D0289BF4CC00670383 /* HomeScreenViewController.swift */,
				7DAC95D1289BF4CC00670383 /* HomeScreenViewController.xib */,
			);
			path = "Main View";
			sourceTree = "<group>";
		};
		7D1D7DE9289C0DA200C5E5BE /* Sub Views  */ = {
			isa = PBXGroup;
			children = (
				7D1D7DEA289C0DB100C5E5BE /* Cells */,
				7D65B3F4289D12E300BF62EA /* HeaderView */,
			);
			path = "Sub Views ";
			sourceTree = "<group>";
		};
		7D1D7DEA289C0DB100C5E5BE /* Cells */ = {
			isa = PBXGroup;
			children = (
				7D1D7DEB289C0DB900C5E5BE /* ProductItemCell  */,
				7DFA6238289DC12500AC36DB /* MealsViewCell */,
				7D65B3F7289D186F00BF62EA /* TypeOfMealCell */,
			);
			path = Cells;
			sourceTree = "<group>";
		};
		7D1D7DEB289C0DB900C5E5BE /* ProductItemCell  */ = {
			isa = PBXGroup;
			children = (
				7D1D7DEC289C0FD300C5E5BE /* ProductItemCellCollectionViewCell.swift */,
				7D1D7DED289C0FD300C5E5BE /* ProductItemCellCollectionViewCell.xib */,
			);
			path = "ProductItemCell ";
			sourceTree = "<group>";
		};
		7D65B3F4289D12E300BF62EA /* HeaderView */ = {
			isa = PBXGroup;
			children = (
				7D65B3F6289D133C00BF62EA /* TypeOfMealView */,
				7D65B3F5289D12F300BF62EA /* MealsView */,
			);
			path = HeaderView;
			sourceTree = "<group>";
		};
		7D65B3F5289D12F300BF62EA /* MealsView */ = {
			isa = PBXGroup;
			children = (
				7DFA6239289DC30A00AC36DB /* MealsView.swift */,
				7DFA623A289DC30A00AC36DB /* MealsView.xib */,
			);
			path = MealsView;
			sourceTree = "<group>";
		};
		7D65B3F6289D133C00BF62EA /* TypeOfMealView */ = {
			isa = PBXGroup;
			children = (
				7D65B3FC289D1A1600BF62EA /* TypeOfMealView.swift */,
				7D65B3FD289D1A1600BF62EA /* TypeOfMealView.xib */,
			);
			path = TypeOfMealView;
			sourceTree = "<group>";
		};
		7D65B3F7289D186F00BF62EA /* TypeOfMealCell */ = {
			isa = PBXGroup;
			children = (
				7D65B3F8289D18EB00BF62EA /* TypeOfMealCell.swift */,
				7D65B3F9289D18EB00BF62EA /* TypeOfMealCell.xib */,
			);
			path = TypeOfMealCell;
			sourceTree = "<group>";
		};
		7DA6EC4D289885DB0091BF09 = {
			isa = PBXGroup;
			children = (
				7DA6EC58289885DB0091BF09 /* ProductsShop */,
				7DA6EC72289885DD0091BF09 /* ProductsShopTests */,
				7DA6EC7C289885DD0091BF09 /* ProductsShopUITests */,
				7DA6EC57289885DB0091BF09 /* Products */,
			);
			sourceTree = "<group>";
		};
		7DA6EC57289885DB0091BF09 /* Products */ = {
			isa = PBXGroup;
			children = (
				7DA6EC56289885DB0091BF09 /* ProductsShop.app */,
				7DA6EC6F289885DD0091BF09 /* ProductsShopTests.xctest */,
				7DA6EC79289885DD0091BF09 /* ProductsShopUITests.xctest */,
			);
			name = Products;
			sourceTree = "<group>";
		};
		7DA6EC58289885DB0091BF09 /* ProductsShop */ = {
			isa = PBXGroup;
			children = (
				7DA6EC8C289885F40091BF09 /* Configurations */,
				7DA6EC8E289888B50091BF09 /* Core */,
				7DA6EC97289889430091BF09 /* Delegate */,
				7DA6EC99289889700091BF09 /* Resources */,
				7DA6EC982898895D0091BF09 /* Modual */,
				7DA6EC62289885DB0091BF09 /* ProductsShop.xcdatamodeld */,
			);
			path = ProductsShop;
			sourceTree = "<group>";
		};
		7DA6EC72289885DD0091BF09 /* ProductsShopTests */ = {
			isa = PBXGroup;
			children = (
				7DA6EC73289885DD0091BF09 /* ProductsShopTests.swift */,
			);
			path = ProductsShopTests;
			sourceTree = "<group>";
		};
		7DA6EC7C289885DD0091BF09 /* ProductsShopUITests */ = {
			isa = PBXGroup;
			children = (
				7DA6EC7D289885DD0091BF09 /* ProductsShopUITests.swift */,
				7DA6EC7F289885DD0091BF09 /* ProductsShopUITestsLaunchTests.swift */,
			);
			path = ProductsShopUITests;
			sourceTree = "<group>";
		};
		7DA6EC8C289885F40091BF09 /* Configurations */ = {
			isa = PBXGroup;
			children = (
				7DA6EC8D289888A30091BF09 /* Plist */,
			);
			path = Configurations;
			sourceTree = "<group>";
		};
		7DA6EC8D289888A30091BF09 /* Plist */ = {
			isa = PBXGroup;
			children = (
				7DA6EC6A289885DD0091BF09 /* Info.plist */,
			);
			path = Plist;
			sourceTree = "<group>";
		};
		7DA6EC8E289888B50091BF09 /* Core */ = {
			isa = PBXGroup;
			children = (
				7DA6ECA328988B0C0091BF09 /* Extention */,
				7DA6EC8F289888C70091BF09 /* Custom View */,
			);
			path = Core;
			sourceTree = "<group>";
		};
		7DA6EC8F289888C70091BF09 /* Custom View */ = {
			isa = PBXGroup;
			children = (
				7DA6EC90289888D20091BF09 /* AddProductCustomView */,
			);
			path = "Custom View";
			sourceTree = "<group>";
		};
		7DA6EC90289888D20091BF09 /* AddProductCustomView */ = {
			isa = PBXGroup;
			children = (
				7DA0F1C7289A994D00291915 /* AddProductInfo.swift */,
				7DA0F1C8289A994D00291915 /* AddProductInfo.xib */,
			);
			path = AddProductCustomView;
			sourceTree = "<group>";
		};
		7DA6EC97289889430091BF09 /* Delegate */ = {
			isa = PBXGroup;
			children = (
				7DA6EC59289885DB0091BF09 /* AppDelegate.swift */,
				7DA6EC5B289885DB0091BF09 /* SceneDelegate.swift */,
			);
			path = Delegate;
			sourceTree = "<group>";
		};
		7DA6EC982898895D0091BF09 /* Modual */ = {
			isa = PBXGroup;
			children = (
				7DAC95D4289BF66F00670383 /* TabBarViewController */,
				7DAC95CF289BF4A500670383 /* HomeScreen */,
				7DA6ECB228988B640091BF09 /* SignIn Screen */,
				7DA6ECB128988B4C0091BF09 /* OnboardingScreen */,
				7DA6ECB028988B390091BF09 /* AddProductScreen */,
			);
			path = Modual;
			sourceTree = "<group>";
		};
		7DA6EC99289889700091BF09 /* Resources */ = {
			isa = PBXGroup;
			children = (
				7DA6EC9B289889930091BF09 /* Storyboard */,
				7DA6EC9A289889840091BF09 /* Assets */,
			);
			path = Resources;
			sourceTree = "<group>";
		};
		7DA6EC9A289889840091BF09 /* Assets */ = {
			isa = PBXGroup;
			children = (
				7DA6EC65289885DD0091BF09 /* Assets.xcassets */,
			);
			path = Assets;
			sourceTree = "<group>";
		};
		7DA6EC9B289889930091BF09 /* Storyboard */ = {
			isa = PBXGroup;
			children = (
				7DA6EC9C289889A80091BF09 /* Base */,
			);
			path = Storyboard;
			sourceTree = "<group>";
		};
		7DA6EC9C289889A80091BF09 /* Base */ = {
			isa = PBXGroup;
			children = (
				7DA6EC67289885DD0091BF09 /* LaunchScreen.storyboard */,
			);
			path = Base;
			sourceTree = "<group>";
		};
		7DA6ECA328988B0C0091BF09 /* Extention */ = {
			isa = PBXGroup;
			children = (
				7DA6ECA628988B200091BF09 /* CornersRadius + Extensions.swift */,
				7DA6ECA528988B200091BF09 /* DesignableTextField + Extenison .swift */,
				7DA6ECA728988B200091BF09 /* Keybord + Extention.swift */,
				7DA6ECA428988B200091BF09 /* String + Extensions .swift */,
				7DA6ECA928988B200091BF09 /* UIView + IBInspectable.swift */,
				7DA6ECA828988B200091BF09 /* UserDefaults + Extensions.swift */,
				7DA6EC91289888E30091BF09 /* TextField + IBInspectable.swift */,
				7DA0F1CB289AA66B00291915 /* UILabel + Extensions.swift */,
			);
			path = Extention;
			sourceTree = "<group>";
		};
		7DA6ECB028988B390091BF09 /* AddProductScreen */ = {
			isa = PBXGroup;
			children = (
				7DDA4B9E289B0BF800408551 /* Sub Views */,
				7DDA4B9D289B0BDD00408551 /* Main View */,
			);
			path = AddProductScreen;
			sourceTree = "<group>";
		};
		7DA6ECB128988B4C0091BF09 /* OnboardingScreen */ = {
			isa = PBXGroup;
			children = (
				7DA6ECB728988CA50091BF09 /* OnboardingViewController.swift */,
				7DA6ECB828988CA50091BF09 /* OnboardingViewController.xib */,
			);
			path = OnboardingScreen;
			sourceTree = "<group>";
		};
		7DA6ECB228988B640091BF09 /* SignIn Screen */ = {
			isa = PBXGroup;
			children = (
				7DA6ECB328988B9E0091BF09 /* SignInViewController.swift */,
				7DA6ECB428988B9E0091BF09 /* SignInViewController.xib */,
			);
			path = "SignIn Screen";
			sourceTree = "<group>";
		};
		7DAC95C4289BD90400670383 /* Cells */ = {
			isa = PBXGroup;
			children = (
				7DAC95C6289BD9BD00670383 /* AddImageHeaderViewCell */,
				7DDA4B9F289B0EE000408551 /* AddImageCollectionViewCell */,
			);
			path = Cells;
			sourceTree = "<group>";
		};
		7DAC95C5289BD92200670383 /* HeaderView */ = {
			isa = PBXGroup;
			children = (
				7DAC95CB289BDBFA00670383 /* AddProductHeaderViewView.swift */,
				7DAC95CC289BDBFA00670383 /* AddProductHeaderViewView.xib */,
			);
			path = HeaderView;
			sourceTree = "<group>";
		};
		7DAC95C6289BD9BD00670383 /* AddImageHeaderViewCell */ = {
			isa = PBXGroup;
			children = (
				7DAC95C7289BDA2300670383 /* AddImageHeaderViewCell.swift */,
				7DAC95C8289BDA2300670383 /* AddImageHeaderViewCell.xib */,
			);
			path = AddImageHeaderViewCell;
			sourceTree = "<group>";
		};
		7DAC95CF289BF4A500670383 /* HomeScreen */ = {
			isa = PBXGroup;
			children = (
				7D1D7DE9289C0DA200C5E5BE /* Sub Views  */,
				7D1D7DE8289C0D9200C5E5BE /* Main View */,
			);
			path = HomeScreen;
			sourceTree = "<group>";
		};
		7DAC95D4289BF66F00670383 /* TabBarViewController */ = {
			isa = PBXGroup;
			children = (
				7DAC95D5289BF6D700670383 /* TabBarViewController.swift */,
			);
			path = TabBarViewController;
			sourceTree = "<group>";
		};
		7DDA4B9D289B0BDD00408551 /* Main View */ = {
			isa = PBXGroup;
			children = (
				7DA6ECBB28988D130091BF09 /* AddProductViewController.swift */,
				7DA6ECBC28988D130091BF09 /* AddProductViewController.xib */,
			);
			path = "Main View";
			sourceTree = "<group>";
		};
		7DDA4B9E289B0BF800408551 /* Sub Views */ = {
			isa = PBXGroup;
			children = (
				7DAC95C4289BD90400670383 /* Cells */,
				7DAC95C5289BD92200670383 /* HeaderView */,
			);
			path = "Sub Views";
			sourceTree = "<group>";
		};
		7DDA4B9F289B0EE000408551 /* AddImageCollectionViewCell */ = {
			isa = PBXGroup;
			children = (
				7DDA4BA0289B0F4600408551 /* AddImageCollectionViewCell.swift */,
				7DDA4BA1289B0F4600408551 /* AddImageCollectionViewCell.xib */,
			);
			path = AddImageCollectionViewCell;
			sourceTree = "<group>";
		};
		7DFA6238289DC12500AC36DB /* MealsViewCell */ = {
			isa = PBXGroup;
			children = (
				7DFA6234289DC11D00AC36DB /* MealsViewCell.swift */,
				7DFA6235289DC11D00AC36DB /* MealsViewCell.xib */,
			);
			path = MealsViewCell;
			sourceTree = "<group>";
		};
/* End PBXGroup section */

/* Begin PBXNativeTarget section */
		7DA6EC55289885DB0091BF09 /* ProductsShop */ = {
			isa = PBXNativeTarget;
			buildConfigurationList = 7DA6EC83289885DD0091BF09 /* Build configuration list for PBXNativeTarget "ProductsShop" */;
			buildPhases = (
				7DA6EC52289885DB0091BF09 /* Sources */,
				7DA6EC53289885DB0091BF09 /* Frameworks */,
				7DA6EC54289885DB0091BF09 /* Resources */,
			);
			buildRules = (
			);
			dependencies = (
			);
			name = ProductsShop;
			productName = ProductsShop;
			productReference = 7DA6EC56289885DB0091BF09 /* ProductsShop.app */;
			productType = "com.apple.product-type.application";
		};
		7DA6EC6E289885DD0091BF09 /* ProductsShopTests */ = {
			isa = PBXNativeTarget;
			buildConfigurationList = 7DA6EC86289885DD0091BF09 /* Build configuration list for PBXNativeTarget "ProductsShopTests" */;
			buildPhases = (
				7DA6EC6B289885DD0091BF09 /* Sources */,
				7DA6EC6C289885DD0091BF09 /* Frameworks */,
				7DA6EC6D289885DD0091BF09 /* Resources */,
			);
			buildRules = (
			);
			dependencies = (
				7DA6EC71289885DD0091BF09 /* PBXTargetDependency */,
			);
			name = ProductsShopTests;
			productName = ProductsShopTests;
			productReference = 7DA6EC6F289885DD0091BF09 /* ProductsShopTests.xctest */;
			productType = "com.apple.product-type.bundle.unit-test";
		};
		7DA6EC78289885DD0091BF09 /* ProductsShopUITests */ = {
			isa = PBXNativeTarget;
			buildConfigurationList = 7DA6EC89289885DD0091BF09 /* Build configuration list for PBXNativeTarget "ProductsShopUITests" */;
			buildPhases = (
				7DA6EC75289885DD0091BF09 /* Sources */,
				7DA6EC76289885DD0091BF09 /* Frameworks */,
				7DA6EC77289885DD0091BF09 /* Resources */,
			);
			buildRules = (
			);
			dependencies = (
				7DA6EC7B289885DD0091BF09 /* PBXTargetDependency */,
			);
			name = ProductsShopUITests;
			productName = ProductsShopUITests;
			productReference = 7DA6EC79289885DD0091BF09 /* ProductsShopUITests.xctest */;
			productType = "com.apple.product-type.bundle.ui-testing";
		};
/* End PBXNativeTarget section */

/* Begin PBXProject section */
		7DA6EC4E289885DB0091BF09 /* Project object */ = {
			isa = PBXProject;
			attributes = {
				BuildIndependentTargetsInParallel = 1;
				LastSwiftUpdateCheck = 1340;
				LastUpgradeCheck = 1340;
				TargetAttributes = {
					7DA6EC55289885DB0091BF09 = {
						CreatedOnToolsVersion = 13.4.1;
					};
					7DA6EC6E289885DD0091BF09 = {
						CreatedOnToolsVersion = 13.4.1;
						TestTargetID = 7DA6EC55289885DB0091BF09;
					};
					7DA6EC78289885DD0091BF09 = {
						CreatedOnToolsVersion = 13.4.1;
						TestTargetID = 7DA6EC55289885DB0091BF09;
					};
				};
			};
			buildConfigurationList = 7DA6EC51289885DB0091BF09 /* Build configuration list for PBXProject "ProductsShop" */;
			compatibilityVersion = "Xcode 13.0";
			developmentRegion = en;
			hasScannedForEncodings = 0;
			knownRegions = (
				en,
				Base,
			);
			mainGroup = 7DA6EC4D289885DB0091BF09;
			productRefGroup = 7DA6EC57289885DB0091BF09 /* Products */;
			projectDirPath = "";
			projectRoot = "";
			targets = (
				7DA6EC55289885DB0091BF09 /* ProductsShop */,
				7DA6EC6E289885DD0091BF09 /* ProductsShopTests */,
				7DA6EC78289885DD0091BF09 /* ProductsShopUITests */,
			);
		};
/* End PBXProject section */

/* Begin PBXResourcesBuildPhase section */
		7DA6EC54289885DB0091BF09 /* Resources */ = {
			isa = PBXResourcesBuildPhase;
			buildActionMask = 2147483647;
			files = (
				7DA6EC69289885DD0091BF09 /* LaunchScreen.storyboard in Resources */,
				7DFA6237289DC11D00AC36DB /* MealsViewCell.xib in Resources */,
				7DA6ECB628988B9E0091BF09 /* SignInViewController.xib in Resources */,
				7DA6EC66289885DD0091BF09 /* Assets.xcassets in Resources */,
				7DAC95CA289BDA2300670383 /* AddImageHeaderViewCell.xib in Resources */,
				7D65B3FF289D1A1600BF62EA /* TypeOfMealView.xib in Resources */,
				7DA6ECBE28988D130091BF09 /* AddProductViewController.xib in Resources */,
				7DA6ECBA28988CA50091BF09 /* OnboardingViewController.xib in Resources */,
				7DDA4BA3289B0F4600408551 /* AddImageCollectionViewCell.xib in Resources */,
				7DAC95D3289BF4CC00670383 /* HomeScreenViewController.xib in Resources */,
				7DA0F1CA289A994D00291915 /* AddProductInfo.xib in Resources */,
				7D65B3FB289D18EB00BF62EA /* TypeOfMealCell.xib in Resources */,
				7D1D7DEF289C0FD300C5E5BE /* ProductItemCellCollectionViewCell.xib in Resources */,
				7DFA623C289DC30A00AC36DB /* MealsView.xib in Resources */,
				7DAC95CE289BDBFA00670383 /* AddProductHeaderViewView.xib in Resources */,
			);
			runOnlyForDeploymentPostprocessing = 0;
		};
		7DA6EC6D289885DD0091BF09 /* Resources */ = {
			isa = PBXResourcesBuildPhase;
			buildActionMask = 2147483647;
			files = (
			);
			runOnlyForDeploymentPostprocessing = 0;
		};
		7DA6EC77289885DD0091BF09 /* Resources */ = {
			isa = PBXResourcesBuildPhase;
			buildActionMask = 2147483647;
			files = (
			);
			runOnlyForDeploymentPostprocessing = 0;
		};
/* End PBXResourcesBuildPhase section */

/* Begin PBXSourcesBuildPhase section */
		7DA6EC52289885DB0091BF09 /* Sources */ = {
			isa = PBXSourcesBuildPhase;
			buildActionMask = 2147483647;
			files = (
				7DA6ECB528988B9E0091BF09 /* SignInViewController.swift in Sources */,
				7D1D7DEE289C0FD300C5E5BE /* ProductItemCellCollectionViewCell.swift in Sources */,
				7DAC95C9289BDA2300670383 /* AddImageHeaderViewCell.swift in Sources */,
				7D65B3FA289D18EB00BF62EA /* TypeOfMealCell.swift in Sources */,
				7DA6ECAC28988B200091BF09 /* CornersRadius + Extensions.swift in Sources */,
				7DA6ECAB28988B200091BF09 /* DesignableTextField + Extenison .swift in Sources */,
				7DA6ECAF28988B200091BF09 /* UIView + IBInspectable.swift in Sources */,
				7DA6EC5A289885DB0091BF09 /* AppDelegate.swift in Sources */,
				7DAC95CD289BDBFA00670383 /* AddProductHeaderViewView.swift in Sources */,
				7DA0F1CC289AA66B00291915 /* UILabel + Extensions.swift in Sources */,
				7DAC95D6289BF6D700670383 /* TabBarViewController.swift in Sources */,
				7DAC95D2289BF4CC00670383 /* HomeScreenViewController.swift in Sources */,
				7D65B3FE289D1A1600BF62EA /* TypeOfMealView.swift in Sources */,
				7DA6ECAE28988B200091BF09 /* UserDefaults + Extensions.swift in Sources */,
				7DA6EC5C289885DB0091BF09 /* SceneDelegate.swift in Sources */,
				7DA0F1C9289A994D00291915 /* AddProductInfo.swift in Sources */,
				7DA6ECB928988CA50091BF09 /* OnboardingViewController.swift in Sources */,
				7DA6EC64289885DB0091BF09 /* ProductsShop.xcdatamodeld in Sources */,
				7DA6ECBD28988D130091BF09 /* AddProductViewController.swift in Sources */,
				7DFA6236289DC11D00AC36DB /* MealsViewCell.swift in Sources */,
				7DDA4BA2289B0F4600408551 /* AddImageCollectionViewCell.swift in Sources */,
				7DA6ECAD28988B200091BF09 /* Keybord + Extention.swift in Sources */,
				7DFA623B289DC30A00AC36DB /* MealsView.swift in Sources */,
				7DA6EC92289888E30091BF09 /* TextField + IBInspectable.swift in Sources */,
				7DA6ECAA28988B200091BF09 /* String + Extensions .swift in Sources */,
			);
			runOnlyForDeploymentPostprocessing = 0;
		};
		7DA6EC6B289885DD0091BF09 /* Sources */ = {
			isa = PBXSourcesBuildPhase;
			buildActionMask = 2147483647;
			files = (
				7DA6EC74289885DD0091BF09 /* ProductsShopTests.swift in Sources */,
			);
			runOnlyForDeploymentPostprocessing = 0;
		};
		7DA6EC75289885DD0091BF09 /* Sources */ = {
			isa = PBXSourcesBuildPhase;
			buildActionMask = 2147483647;
			files = (
				7DA6EC80289885DD0091BF09 /* ProductsShopUITestsLaunchTests.swift in Sources */,
				7DA6EC7E289885DD0091BF09 /* ProductsShopUITests.swift in Sources */,
			);
			runOnlyForDeploymentPostprocessing = 0;
		};
/* End PBXSourcesBuildPhase section */

/* Begin PBXTargetDependency section */
		7DA6EC71289885DD0091BF09 /* PBXTargetDependency */ = {
			isa = PBXTargetDependency;
			target = 7DA6EC55289885DB0091BF09 /* ProductsShop */;
			targetProxy = 7DA6EC70289885DD0091BF09 /* PBXContainerItemProxy */;
		};
		7DA6EC7B289885DD0091BF09 /* PBXTargetDependency */ = {
			isa = PBXTargetDependency;
			target = 7DA6EC55289885DB0091BF09 /* ProductsShop */;
			targetProxy = 7DA6EC7A289885DD0091BF09 /* PBXContainerItemProxy */;
		};
/* End PBXTargetDependency section */

/* Begin PBXVariantGroup section */
		7DA6EC67289885DD0091BF09 /* LaunchScreen.storyboard */ = {
			isa = PBXVariantGroup;
			children = (
				7DA6EC68289885DD0091BF09 /* Base */,
			);
			name = LaunchScreen.storyboard;
			sourceTree = "<group>";
		};
/* End PBXVariantGroup section */

/* Begin XCBuildConfiguration section */
		7DA6EC81289885DD0091BF09 /* Debug */ = {
			isa = XCBuildConfiguration;
			buildSettings = {
				ALWAYS_SEARCH_USER_PATHS = NO;
				CLANG_ANALYZER_NONNULL = YES;
				CLANG_ANALYZER_NUMBER_OBJECT_CONVERSION = YES_AGGRESSIVE;
				CLANG_CXX_LANGUAGE_STANDARD = "gnu++17";
				CLANG_ENABLE_MODULES = YES;
				CLANG_ENABLE_OBJC_ARC = YES;
				CLANG_ENABLE_OBJC_WEAK = YES;
				CLANG_WARN_BLOCK_CAPTURE_AUTORELEASING = YES;
				CLANG_WARN_BOOL_CONVERSION = YES;
				CLANG_WARN_COMMA = YES;
				CLANG_WARN_CONSTANT_CONVERSION = YES;
				CLANG_WARN_DEPRECATED_OBJC_IMPLEMENTATIONS = YES;
				CLANG_WARN_DIRECT_OBJC_ISA_USAGE = YES_ERROR;
				CLANG_WARN_DOCUMENTATION_COMMENTS = YES;
				CLANG_WARN_EMPTY_BODY = YES;
				CLANG_WARN_ENUM_CONVERSION = YES;
				CLANG_WARN_INFINITE_RECURSION = YES;
				CLANG_WARN_INT_CONVERSION = YES;
				CLANG_WARN_NON_LITERAL_NULL_CONVERSION = YES;
				CLANG_WARN_OBJC_IMPLICIT_RETAIN_SELF = YES;
				CLANG_WARN_OBJC_LITERAL_CONVERSION = YES;
				CLANG_WARN_OBJC_ROOT_CLASS = YES_ERROR;
				CLANG_WARN_QUOTED_INCLUDE_IN_FRAMEWORK_HEADER = YES;
				CLANG_WARN_RANGE_LOOP_ANALYSIS = YES;
				CLANG_WARN_STRICT_PROTOTYPES = YES;
				CLANG_WARN_SUSPICIOUS_MOVE = YES;
				CLANG_WARN_UNGUARDED_AVAILABILITY = YES_AGGRESSIVE;
				CLANG_WARN_UNREACHABLE_CODE = YES;
				CLANG_WARN__DUPLICATE_METHOD_MATCH = YES;
				COPY_PHASE_STRIP = NO;
				DEBUG_INFORMATION_FORMAT = dwarf;
				ENABLE_STRICT_OBJC_MSGSEND = YES;
				ENABLE_TESTABILITY = YES;
				GCC_C_LANGUAGE_STANDARD = gnu11;
				GCC_DYNAMIC_NO_PIC = NO;
				GCC_NO_COMMON_BLOCKS = YES;
				GCC_OPTIMIZATION_LEVEL = 0;
				GCC_PREPROCESSOR_DEFINITIONS = (
					"DEBUG=1",
					"$(inherited)",
				);
				GCC_WARN_64_TO_32_BIT_CONVERSION = YES;
				GCC_WARN_ABOUT_RETURN_TYPE = YES_ERROR;
				GCC_WARN_UNDECLARED_SELECTOR = YES;
				GCC_WARN_UNINITIALIZED_AUTOS = YES_AGGRESSIVE;
				GCC_WARN_UNUSED_FUNCTION = YES;
				GCC_WARN_UNUSED_VARIABLE = YES;
				IPHONEOS_DEPLOYMENT_TARGET = 15.5;
				MTL_ENABLE_DEBUG_INFO = INCLUDE_SOURCE;
				MTL_FAST_MATH = YES;
				ONLY_ACTIVE_ARCH = YES;
				SDKROOT = iphoneos;
				SWIFT_ACTIVE_COMPILATION_CONDITIONS = DEBUG;
				SWIFT_OPTIMIZATION_LEVEL = "-Onone";
			};
			name = Debug;
		};
		7DA6EC82289885DD0091BF09 /* Release */ = {
			isa = XCBuildConfiguration;
			buildSettings = {
				ALWAYS_SEARCH_USER_PATHS = NO;
				CLANG_ANALYZER_NONNULL = YES;
				CLANG_ANALYZER_NUMBER_OBJECT_CONVERSION = YES_AGGRESSIVE;
				CLANG_CXX_LANGUAGE_STANDARD = "gnu++17";
				CLANG_ENABLE_MODULES = YES;
				CLANG_ENABLE_OBJC_ARC = YES;
				CLANG_ENABLE_OBJC_WEAK = YES;
				CLANG_WARN_BLOCK_CAPTURE_AUTORELEASING = YES;
				CLANG_WARN_BOOL_CONVERSION = YES;
				CLANG_WARN_COMMA = YES;
				CLANG_WARN_CONSTANT_CONVERSION = YES;
				CLANG_WARN_DEPRECATED_OBJC_IMPLEMENTATIONS = YES;
				CLANG_WARN_DIRECT_OBJC_ISA_USAGE = YES_ERROR;
				CLANG_WARN_DOCUMENTATION_COMMENTS = YES;
				CLANG_WARN_EMPTY_BODY = YES;
				CLANG_WARN_ENUM_CONVERSION = YES;
				CLANG_WARN_INFINITE_RECURSION = YES;
				CLANG_WARN_INT_CONVERSION = YES;
				CLANG_WARN_NON_LITERAL_NULL_CONVERSION = YES;
				CLANG_WARN_OBJC_IMPLICIT_RETAIN_SELF = YES;
				CLANG_WARN_OBJC_LITERAL_CONVERSION = YES;
				CLANG_WARN_OBJC_ROOT_CLASS = YES_ERROR;
				CLANG_WARN_QUOTED_INCLUDE_IN_FRAMEWORK_HEADER = YES;
				CLANG_WARN_RANGE_LOOP_ANALYSIS = YES;
				CLANG_WARN_STRICT_PROTOTYPES = YES;
				CLANG_WARN_SUSPICIOUS_MOVE = YES;
				CLANG_WARN_UNGUARDED_AVAILABILITY = YES_AGGRESSIVE;
				CLANG_WARN_UNREACHABLE_CODE = YES;
				CLANG_WARN__DUPLICATE_METHOD_MATCH = YES;
				COPY_PHASE_STRIP = NO;
				DEBUG_INFORMATION_FORMAT = "dwarf-with-dsym";
				ENABLE_NS_ASSERTIONS = NO;
				ENABLE_STRICT_OBJC_MSGSEND = YES;
				GCC_C_LANGUAGE_STANDARD = gnu11;
				GCC_NO_COMMON_BLOCKS = YES;
				GCC_WARN_64_TO_32_BIT_CONVERSION = YES;
				GCC_WARN_ABOUT_RETURN_TYPE = YES_ERROR;
				GCC_WARN_UNDECLARED_SELECTOR = YES;
				GCC_WARN_UNINITIALIZED_AUTOS = YES_AGGRESSIVE;
				GCC_WARN_UNUSED_FUNCTION = YES;
				GCC_WARN_UNUSED_VARIABLE = YES;
				IPHONEOS_DEPLOYMENT_TARGET = 15.5;
				MTL_ENABLE_DEBUG_INFO = NO;
				MTL_FAST_MATH = YES;
				SDKROOT = iphoneos;
				SWIFT_COMPILATION_MODE = wholemodule;
				SWIFT_OPTIMIZATION_LEVEL = "-O";
				VALIDATE_PRODUCT = YES;
			};
			name = Release;
		};
		7DA6EC84289885DD0091BF09 /* Debug */ = {
			isa = XCBuildConfiguration;
			buildSettings = {
				ASSETCATALOG_COMPILER_APPICON_NAME = AppIcon;
				ASSETCATALOG_COMPILER_GLOBAL_ACCENT_COLOR_NAME = AccentColor;
				CODE_SIGN_STYLE = Automatic;
				CURRENT_PROJECT_VERSION = 1;
				DEVELOPMENT_TEAM = 2QP85WS6XB;
				GENERATE_INFOPLIST_FILE = YES;
				INFOPLIST_FILE = ProductsShop/Configurations/Plist/Info.plist;
				INFOPLIST_KEY_UIApplicationSupportsIndirectInputEvents = YES;
				INFOPLIST_KEY_UILaunchStoryboardName = LaunchScreen;
				INFOPLIST_KEY_UISupportedInterfaceOrientations_iPad = "UIInterfaceOrientationPortrait UIInterfaceOrientationPortraitUpsideDown UIInterfaceOrientationLandscapeLeft UIInterfaceOrientationLandscapeRight";
				INFOPLIST_KEY_UISupportedInterfaceOrientations_iPhone = "UIInterfaceOrientationPortrait UIInterfaceOrientationLandscapeLeft UIInterfaceOrientationLandscapeRight";
				LD_RUNPATH_SEARCH_PATHS = (
					"$(inherited)",
					"@executable_path/Frameworks",
				);
				MARKETING_VERSION = 1.0;
				PRODUCT_BUNDLE_IDENTIFIER = "Mohamed-ProductsShop.ProductsShop";
				PRODUCT_NAME = "$(TARGET_NAME)";
				SWIFT_EMIT_LOC_STRINGS = YES;
				SWIFT_VERSION = 5.0;
				TARGETED_DEVICE_FAMILY = "1,2";
			};
			name = Debug;
		};
		7DA6EC85289885DD0091BF09 /* Release */ = {
			isa = XCBuildConfiguration;
			buildSettings = {
				ASSETCATALOG_COMPILER_APPICON_NAME = AppIcon;
				ASSETCATALOG_COMPILER_GLOBAL_ACCENT_COLOR_NAME = AccentColor;
				CODE_SIGN_STYLE = Automatic;
				CURRENT_PROJECT_VERSION = 1;
				DEVELOPMENT_TEAM = 2QP85WS6XB;
				GENERATE_INFOPLIST_FILE = YES;
				INFOPLIST_FILE = ProductsShop/Configurations/Plist/Info.plist;
				INFOPLIST_KEY_UIApplicationSupportsIndirectInputEvents = YES;
				INFOPLIST_KEY_UILaunchStoryboardName = LaunchScreen;
				INFOPLIST_KEY_UISupportedInterfaceOrientations_iPad = "UIInterfaceOrientationPortrait UIInterfaceOrientationPortraitUpsideDown UIInterfaceOrientationLandscapeLeft UIInterfaceOrientationLandscapeRight";
				INFOPLIST_KEY_UISupportedInterfaceOrientations_iPhone = "UIInterfaceOrientationPortrait UIInterfaceOrientationLandscapeLeft UIInterfaceOrientationLandscapeRight";
				LD_RUNPATH_SEARCH_PATHS = (
					"$(inherited)",
					"@executable_path/Frameworks",
				);
				MARKETING_VERSION = 1.0;
				PRODUCT_BUNDLE_IDENTIFIER = "Mohamed-ProductsShop.ProductsShop";
				PRODUCT_NAME = "$(TARGET_NAME)";
				SWIFT_EMIT_LOC_STRINGS = YES;
				SWIFT_VERSION = 5.0;
				TARGETED_DEVICE_FAMILY = "1,2";
			};
			name = Release;
		};
		7DA6EC87289885DD0091BF09 /* Debug */ = {
			isa = XCBuildConfiguration;
			buildSettings = {
				ALWAYS_EMBED_SWIFT_STANDARD_LIBRARIES = YES;
				BUNDLE_LOADER = "$(TEST_HOST)";
				CODE_SIGN_STYLE = Automatic;
				CURRENT_PROJECT_VERSION = 1;
				DEVELOPMENT_TEAM = 2QP85WS6XB;
				GENERATE_INFOPLIST_FILE = YES;
				IPHONEOS_DEPLOYMENT_TARGET = 15.5;
				MARKETING_VERSION = 1.0;
				PRODUCT_BUNDLE_IDENTIFIER = "Mohamed-ProductsShop.ProductsShopTests";
				PRODUCT_NAME = "$(TARGET_NAME)";
				SWIFT_EMIT_LOC_STRINGS = NO;
				SWIFT_VERSION = 5.0;
				TARGETED_DEVICE_FAMILY = "1,2";
				TEST_HOST = "$(BUILT_PRODUCTS_DIR)/ProductsShop.app/ProductsShop";
			};
			name = Debug;
		};
		7DA6EC88289885DD0091BF09 /* Release */ = {
			isa = XCBuildConfiguration;
			buildSettings = {
				ALWAYS_EMBED_SWIFT_STANDARD_LIBRARIES = YES;
				BUNDLE_LOADER = "$(TEST_HOST)";
				CODE_SIGN_STYLE = Automatic;
				CURRENT_PROJECT_VERSION = 1;
				DEVELOPMENT_TEAM = 2QP85WS6XB;
				GENERATE_INFOPLIST_FILE = YES;
				IPHONEOS_DEPLOYMENT_TARGET = 15.5;
				MARKETING_VERSION = 1.0;
				PRODUCT_BUNDLE_IDENTIFIER = "Mohamed-ProductsShop.ProductsShopTests";
				PRODUCT_NAME = "$(TARGET_NAME)";
				SWIFT_EMIT_LOC_STRINGS = NO;
				SWIFT_VERSION = 5.0;
				TARGETED_DEVICE_FAMILY = "1,2";
				TEST_HOST = "$(BUILT_PRODUCTS_DIR)/ProductsShop.app/ProductsShop";
			};
			name = Release;
		};
		7DA6EC8A289885DD0091BF09 /* Debug */ = {
			isa = XCBuildConfiguration;
			buildSettings = {
				ALWAYS_EMBED_SWIFT_STANDARD_LIBRARIES = YES;
				CODE_SIGN_STYLE = Automatic;
				CURRENT_PROJECT_VERSION = 1;
				DEVELOPMENT_TEAM = 2QP85WS6XB;
				GENERATE_INFOPLIST_FILE = YES;
				MARKETING_VERSION = 1.0;
				PRODUCT_BUNDLE_IDENTIFIER = "Mohamed-ProductsShop.ProductsShopUITests";
				PRODUCT_NAME = "$(TARGET_NAME)";
				SWIFT_EMIT_LOC_STRINGS = NO;
				SWIFT_VERSION = 5.0;
				TARGETED_DEVICE_FAMILY = "1,2";
				TEST_TARGET_NAME = ProductsShop;
			};
			name = Debug;
		};
		7DA6EC8B289885DD0091BF09 /* Release */ = {
			isa = XCBuildConfiguration;
			buildSettings = {
				ALWAYS_EMBED_SWIFT_STANDARD_LIBRARIES = YES;
				CODE_SIGN_STYLE = Automatic;
				CURRENT_PROJECT_VERSION = 1;
				DEVELOPMENT_TEAM = 2QP85WS6XB;
				GENERATE_INFOPLIST_FILE = YES;
				MARKETING_VERSION = 1.0;
				PRODUCT_BUNDLE_IDENTIFIER = "Mohamed-ProductsShop.ProductsShopUITests";
				PRODUCT_NAME = "$(TARGET_NAME)";
				SWIFT_EMIT_LOC_STRINGS = NO;
				SWIFT_VERSION = 5.0;
				TARGETED_DEVICE_FAMILY = "1,2";
				TEST_TARGET_NAME = ProductsShop;
			};
			name = Release;
		};
/* End XCBuildConfiguration section */

/* Begin XCConfigurationList section */
		7DA6EC51289885DB0091BF09 /* Build configuration list for PBXProject "ProductsShop" */ = {
			isa = XCConfigurationList;
			buildConfigurations = (
				7DA6EC81289885DD0091BF09 /* Debug */,
				7DA6EC82289885DD0091BF09 /* Release */,
			);
			defaultConfigurationIsVisible = 0;
			defaultConfigurationName = Release;
		};
		7DA6EC83289885DD0091BF09 /* Build configuration list for PBXNativeTarget "ProductsShop" */ = {
			isa = XCConfigurationList;
			buildConfigurations = (
				7DA6EC84289885DD0091BF09 /* Debug */,
				7DA6EC85289885DD0091BF09 /* Release */,
			);
			defaultConfigurationIsVisible = 0;
			defaultConfigurationName = Release;
		};
		7DA6EC86289885DD0091BF09 /* Build configuration list for PBXNativeTarget "ProductsShopTests" */ = {
			isa = XCConfigurationList;
			buildConfigurations = (
				7DA6EC87289885DD0091BF09 /* Debug */,
				7DA6EC88289885DD0091BF09 /* Release */,
			);
			defaultConfigurationIsVisible = 0;
			defaultConfigurationName = Release;
		};
		7DA6EC89289885DD0091BF09 /* Build configuration list for PBXNativeTarget "ProductsShopUITests" */ = {
			isa = XCConfigurationList;
			buildConfigurations = (
				7DA6EC8A289885DD0091BF09 /* Debug */,
				7DA6EC8B289885DD0091BF09 /* Release */,
			);
			defaultConfigurationIsVisible = 0;
			defaultConfigurationName = Release;
		};
/* End XCConfigurationList section */

/* Begin XCVersionGroup section */
		7DA6EC62289885DB0091BF09 /* ProductsShop.xcdatamodeld */ = {
			isa = XCVersionGroup;
			children = (
				7DA6EC63289885DB0091BF09 /* ProductsShop.xcdatamodel */,
			);
			currentVersion = 7DA6EC63289885DB0091BF09 /* ProductsShop.xcdatamodel */;
			path = ProductsShop.xcdatamodeld;
			sourceTree = "<group>";
			versionGroupType = wrapper.xcdatamodel;
		};
/* End XCVersionGroup section */
	};
	rootObject = 7DA6EC4E289885DB0091BF09 /* Project object */;
}
